{
  "requires": true,
  "lockfileVersion": 1,
  "dependencies": {
    "jquery": {
      "version": "1.12.3",
      "resolved": "https://registry.npmjs.org/jquery/-/jquery-1.12.3.tgz",
      "integrity": "sha1-Epi4i5COfH91AeuMGmHxrIM3tTE="
    },
    "material-datetimepicker": {
      "version": "3.11.9",
      "resolved": "https://registry.npmjs.org/material-datetimepicker/-/material-datetimepicker-3.11.9.tgz",
      "integrity": "sha1-H6PRuQOW6SWdtKuQdjTYH9mvGJo=",
      "requires": {
        "jquery": "1.12.3",
        "moment": "~2.10.2",
        "moment-timezone": "*"
      }
    },
    "moment": {
      "version": "2.10.6",
      "resolved": "https://registry.npmjs.org/moment/-/moment-2.10.6.tgz",
      "integrity": "sha1-bLIZZ8ecunsMpeZmRPFzZis++nc="
    },
    "moment-timezone": {
      "version": "0.5.31",
      "resolved": "https://registry.npmjs.org/moment-timezone/-/moment-timezone-0.5.31.tgz",
      "integrity": "sha512-+GgHNg8xRhMXfEbv81iDtrVeTcWt0kWmTEY1XQK14dICTXnWJnT0dxdlPspwqF3keKMVPXwayEsk1DI0AA/jdA==",
      "requires": {
        "moment": ">= 2.9.0"
      }
    }
  }
}
